// !$*UTF8*$!
{
	archiveVersion = 1;
	classes = {
	};
	objectVersion = 46;
	objects = {

/* Begin PBXBuildFile section */
		3E7E06191ADE50BD00054435 /* AppDelegate.swift in Sources */ = {isa = PBXBuildFile; fileRef = 3E7E06181ADE50BD00054435 /* AppDelegate.swift */; };
		3E7E061B1ADE50BD00054435 /* ViewController.swift in Sources */ = {isa = PBXBuildFile; fileRef = 3E7E061A1ADE50BD00054435 /* ViewController.swift */; };
		3E7E061E1ADE50BD00054435 /* Main.storyboard in Resources */ = {isa = PBXBuildFile; fileRef = 3E7E061C1ADE50BD00054435 /* Main.storyboard */; };
		3E7E06201ADE50BD00054435 /* Images.xcassets in Resources */ = {isa = PBXBuildFile; fileRef = 3E7E061F1ADE50BD00054435 /* Images.xcassets */; };
		3E7E06231ADE50BD00054435 /* LaunchScreen.xib in Resources */ = {isa = PBXBuildFile; fileRef = 3E7E06211ADE50BD00054435 /* LaunchScreen.xib */; };
		3E7E062F1ADE50BD00054435 /* TestZeroMQTests.swift in Sources */ = {isa = PBXBuildFile; fileRef = 3E7E062E1ADE50BD00054435 /* TestZeroMQTests.swift */; };
/* End PBXBuildFile section */

/* Begin PBXContainerItemProxy section */
		3E7E06291ADE50BD00054435 /* PBXContainerItemProxy */ = {
			isa = PBXContainerItemProxy;
			containerPortal = 3E7E060B1ADE50BD00054435 /* Project object */;
			proxyType = 1;
			remoteGlobalIDString = 3E7E06121ADE50BD00054435;
			remoteInfo = TestZeroMQ;
		};
/* End PBXContainerItemProxy section */

/* Begin PBXFileReference section */
		3E7E06131ADE50BD00054435 /* TestZeroMQ.app */ = {isa = PBXFileReference; explicitFileType = wrapper.application; includeInIndex = 0; path = TestZeroMQ.app; sourceTree = BUILT_PRODUCTS_DIR; };
		3E7E06171ADE50BD00054435 /* Info.plist */ = {isa = PBXFileReference; lastKnownFileType = text.plist.xml; path = Info.plist; sourceTree = "<group>"; };
		3E7E06181ADE50BD00054435 /* AppDelegate.swift */ = {isa = PBXFileReference; lastKnownFileType = sourcecode.swift; path = AppDelegate.swift; sourceTree = "<group>"; };
		3E7E061A1ADE50BD00054435 /* ViewController.swift */ = {isa = PBXFileReference; lastKnownFileType = sourcecode.swift; path = ViewController.swift; sourceTree = "<group>"; };
		3E7E061D1ADE50BD00054435 /* Base */ = {isa = PBXFileReference; lastKnownFileType = file.storyboard; name = Base; path = Base.lproj/Main.storyboard; sourceTree = "<group>"; };
		3E7E061F1ADE50BD00054435 /* Images.xcassets */ = {isa = PBXFileReference; lastKnownFileType = folder.assetcatalog; path = Images.xcassets; sourceTree = "<group>"; };
		3E7E06221ADE50BD00054435 /* Base */ = {isa = PBXFileReference; lastKnownFileType = file.xib; name = Base; path = Base.lproj/LaunchScreen.xib; sourceTree = "<group>"; };
		3E7E06281ADE50BD00054435 /* TestZeroMQTests.xctest */ = {isa = PBXFileReference; explicitFileType = wrapper.cfbundle; includeInIndex = 0; path = TestZeroMQTests.xctest; sourceTree = BUILT_PRODUCTS_DIR; };
		3E7E062D1ADE50BD00054435 /* Info.plist */ = {isa = PBXFileReference; lastKnownFileType = text.plist.xml; path = Info.plist; sourceTree = "<group>"; };
		3E7E062E1ADE50BD00054435 /* TestZeroMQTests.swift */ = {isa = PBXFileReference; lastKnownFileType = sourcecode.swift; path = TestZeroMQTests.swift; sourceTree = "<group>"; };
/* End PBXFileReference section */

/* Begin PBXFrameworksBuildPhase section */
		3E7E06101ADE50BD00054435 /* Frameworks */ = {
			isa = PBXFrameworksBuildPhase;
			buildActionMask = 2147483647;
			files = (
			);
			runOnlyForDeploymentPostprocessing = 0;
		};
		3E7E06251ADE50BD00054435 /* Frameworks */ = {
			isa = PBXFrameworksBuildPhase;
			buildActionMask = 2147483647;
			files = (
			);
			runOnlyForDeploymentPostprocessing = 0;
		};
/* End PBXFrameworksBuildPhase section */

/* Begin PBXGroup section */
		3E7E060A1ADE50BD00054435 = {
			isa = PBXGroup;
			children = (
				3E7E06151ADE50BD00054435 /* TestZeroMQ */,
				3E7E062B1ADE50BD00054435 /* TestZeroMQTests */,
				3E7E06141ADE50BD00054435 /* Products */,
			);
			sourceTree = "<group>";
		};
		3E7E06141ADE50BD00054435 /* Products */ = {
			isa = PBXGroup;
			children = (
				3E7E06131ADE50BD00054435 /* TestZeroMQ.app */,
				3E7E06281ADE50BD00054435 /* TestZeroMQTests.xctest */,
			);
			name = Products;
			sourceTree = "<group>";
		};
		3E7E06151ADE50BD00054435 /* TestZeroMQ */ = {
			isa = PBXGroup;
			children = (
				3E7E06181ADE50BD00054435 /* AppDelegate.swift */,
				3E7E061A1ADE50BD00054435 /* ViewController.swift */,
				3E7E061C1ADE50BD00054435 /* Main.storyboard */,
				3E7E061F1ADE50BD00054435 /* Images.xcassets */,
				3E7E06211ADE50BD00054435 /* LaunchScreen.xib */,
				3E7E06161ADE50BD00054435 /* Supporting Files */,
			);
			path = TestZeroMQ;
			sourceTree = "<group>";
		};
		3E7E06161ADE50BD00054435 /* Supporting Files */ = {
			isa = PBXGroup;
			children = (
				3E7E06171ADE50BD00054435 /* Info.plist */,
			);
			name = "Supporting Files";
			sourceTree = "<group>";
		};
		3E7E062B1ADE50BD00054435 /* TestZeroMQTests */ = {
			isa = PBXGroup;
			children = (
				3E7E062E1ADE50BD00054435 /* TestZeroMQTests.swift */,
				3E7E062C1ADE50BD00054435 /* Supporting Files */,
			);
			path = TestZeroMQTests;
			sourceTree = "<group>";
		};
		3E7E062C1ADE50BD00054435 /* Supporting Files */ = {
			isa = PBXGroup;
			children = (
				3E7E062D1ADE50BD00054435 /* Info.plist */,
			);
			name = "Supporting Files";
			sourceTree = "<group>";
		};
/* End PBXGroup section */

/* Begin PBXNativeTarget section */
		3E7E06121ADE50BD00054435 /* TestZeroMQ */ = {
			isa = PBXNativeTarget;
			buildConfigurationList = 3E7E06321ADE50BD00054435 /* Build configuration list for PBXNativeTarget "TestZeroMQ" */;
			buildPhases = (
				3E7E060F1ADE50BD00054435 /* Sources */,
				3E7E06101ADE50BD00054435 /* Frameworks */,
				3E7E06111ADE50BD00054435 /* Resources */,
			);
			buildRules = (
			);
			dependencies = (
			);
			name = TestZeroMQ;
			productName = TestZeroMQ;
			productReference = 3E7E06131ADE50BD00054435 /* TestZeroMQ.app */;
			productType = "com.apple.product-type.application";
		};
		3E7E06271ADE50BD00054435 /* TestZeroMQTests */ = {
			isa = PBXNativeTarget;
			buildConfigurationList = 3E7E06351ADE50BD00054435 /* Build configuration list for PBXNativeTarget "TestZeroMQTests" */;
			buildPhases = (
				3E7E06241ADE50BD00054435 /* Sources */,
				3E7E06251ADE50BD00054435 /* Frameworks */,
				3E7E06261ADE50BD00054435 /* Resources */,
			);
			buildRules = (
			);
			dependencies = (
				3E7E062A1ADE50BD00054435 /* PBXTargetDependency */,
			);
			name = TestZeroMQTests;
			productName = TestZeroMQTests;
			productReference = 3E7E06281ADE50BD00054435 /* TestZeroMQTests.xctest */;
			productType = "com.apple.product-type.bundle.unit-test";
		};
/* End PBXNativeTarget section */

/* Begin PBXProject section */
		3E7E060B1ADE50BD00054435 /* Project object */ = {
			isa = PBXProject;
			attributes = {
				LastUpgradeCheck = 0630;
				ORGANIZATIONNAME = "Algo Access Pte. Ltd.";
				TargetAttributes = {
					3E7E06121ADE50BD00054435 = {
						CreatedOnToolsVersion = 6.3;
					};
					3E7E06271ADE50BD00054435 = {
						CreatedOnToolsVersion = 6.3;
						TestTargetID = 3E7E06121ADE50BD00054435;
					};
				};
			};
			buildConfigurationList = 3E7E060E1ADE50BD00054435 /* Build configuration list for PBXProject "TestZeroMQ" */;
			compatibilityVersion = "Xcode 3.2";
			developmentRegion = English;
			hasScannedForEncodings = 0;
			knownRegions = (
				en,
				Base,
			);
			mainGroup = 3E7E060A1ADE50BD00054435;
			productRefGroup = 3E7E06141ADE50BD00054435 /* Products */;
			projectDirPath = "";
			projectRoot = "";
			targets = (
				3E7E06121ADE50BD00054435 /* TestZeroMQ */,
				3E7E06271ADE50BD00054435 /* TestZeroMQTests */,
			);
		};
/* End PBXProject section */

/* Begin PBXResourcesBuildPhase section */
		3E7E06111ADE50BD00054435 /* Resources */ = {
			isa = PBXResourcesBuildPhase;
			buildActionMask = 2147483647;
			files = (
				3E7E061E1ADE50BD00054435 /* Main.storyboard in Resources */,
				3E7E06231ADE50BD00054435 /* LaunchScreen.xib in Resources */,
				3E7E06201ADE50BD00054435 /* Images.xcassets in Resources */,
			);
			runOnlyForDeploymentPostprocessing = 0;
		};
		3E7E06261ADE50BD00054435 /* Resources */ = {
			isa = PBXResourcesBuildPhase;
			buildActionMask = 2147483647;
			files = (
			);
			runOnlyForDeploymentPostprocessing = 0;
		};
/* End PBXResourcesBuildPhase section */

/* Begin PBXSourcesBuildPhase section */
		3E7E060F1ADE50BD00054435 /* Sources */ = {
			isa = PBXSourcesBuildPhase;
			buildActionMask = 2147483647;
			files = (
				3E7E061B1ADE50BD00054435 /* ViewController.swift in Sources */,
				3E7E06191ADE50BD00054435 /* AppDelegate.swift in Sources */,
			);
			runOnlyForDeploymentPostprocessing = 0;
		};
		3E7E06241ADE50BD00054435 /* Sources */ = {
			isa = PBXSourcesBuildPhase;
			buildActionMask = 2147483647;
			files = (
				3E7E062F1ADE50BD00054435 /* TestZeroMQTests.swift in Sources */,
			);
			runOnlyForDeploymentPostprocessing = 0;
		};
/* End PBXSourcesBuildPhase section */

/* Begin PBXTargetDependency section */
		3E7E062A1ADE50BD00054435 /* PBXTargetDependency */ = {
			isa = PBXTargetDependency;
			target = 3E7E06121ADE50BD00054435 /* TestZeroMQ */;
			targetProxy = 3E7E06291ADE50BD00054435 /* PBXContainerItemProxy */;
		};
/* End PBXTargetDependency section */

/* Begin PBXVariantGroup section */
		3E7E061C1ADE50BD00054435 /* Main.storyboard */ = {
			isa = PBXVariantGroup;
			children = (
				3E7E061D1ADE50BD00054435 /* Base */,
			);
			name = Main.storyboard;
			sourceTree = "<group>";
		};
		3E7E06211ADE50BD00054435 /* LaunchScreen.xib */ = {
			isa = PBXVariantGroup;
			children = (
				3E7E06221ADE50BD00054435 /* Base */,
			);
			name = LaunchScreen.xib;
			sourceTree = "<group>";
		};
/* End PBXVariantGroup section */

/* Begin XCBuildConfiguration section */
		3E7E06301ADE50BD00054435 /* Debug */ = {
			isa = XCBuildConfiguration;
			buildSettings = {
				ALWAYS_SEARCH_USER_PATHS = NO;
				CLANG_CXX_LANGUAGE_STANDARD = "gnu++0x";
				CLANG_CXX_LIBRARY = "libc++";
				CLANG_ENABLE_MODULES = YES;
				CLANG_ENABLE_OBJC_ARC = YES;
				CLANG_WARN_BOOL_CONVERSION = YES;
				CLANG_WARN_CONSTANT_CONVERSION = YES;
				CLANG_WARN_DIRECT_OBJC_ISA_USAGE = YES_ERROR;
				CLANG_WARN_EMPTY_BODY = YES;
				CLANG_WARN_ENUM_CONVERSION = YES;
				CLANG_WARN_INT_CONVERSION = YES;
				CLANG_WARN_OBJC_ROOT_CLASS = YES_ERROR;
				CLANG_WARN_UNREACHABLE_CODE = YES;
				CLANG_WARN__DUPLICATE_METHOD_MATCH = YES;
				"CODE_SIGN_IDENTITY[sdk=iphoneos*]" = "iPhone Developer";
				COPY_PHASE_STRIP = NO;
				DEBUG_INFORMATION_FORMAT = "dwarf-with-dsym";
				ENABLE_STRICT_OBJC_MSGSEND = YES;
				GCC_C_LANGUAGE_STANDARD = gnu99;
				GCC_DYNAMIC_NO_PIC = NO;
				GCC_NO_COMMON_BLOCKS = YES;
				GCC_OPTIMIZATION_LEVEL = 0;
				GCC_PREPROCESSOR_DEFINITIONS = (
					"DEBUG=1",
					"$(inherited)",
				);
				GCC_SYMBOLS_PRIVATE_EXTERN = NO;
				GCC_WARN_64_TO_32_BIT_CONVERSION = YES;
				GCC_WARN_ABOUT_RETURN_TYPE = YES_ERROR;
				GCC_WARN_UNDECLARED_SELECTOR = YES;
				GCC_WARN_UNINITIALIZED_AUTOS = YES_AGGRESSIVE;
				GCC_WARN_UNUSED_FUNCTION = YES;
				GCC_WARN_UNUSED_VARIABLE = YES;
				IPHONEOS_DEPLOYMENT_TARGET = 8.3;
				MTL_ENABLE_DEBUG_INFO = YES;
				ONLY_ACTIVE_ARCH = YES;
				SDKROOT = iphoneos;
				SWIFT_OPTIMIZATION_LEVEL = "-Onone";
				TARGETED_DEVICE_FAMILY = "1,2";
			};
			name = Debug;
		};
		3E7E06311ADE50BD00054435 /* Release */ = {
			isa = XCBuildConfiguration;
			buildSettings = {
				ALWAYS_SEARCH_USER_PATHS = NO;
				CLANG_CXX_LANGUAGE_STANDARD = "gnu++0x";
				CLANG_CXX_LIBRARY = "libc++";
				CLANG_ENABLE_MODULES = YES;
				CLANG_ENABLE_OBJC_ARC = YES;
				CLANG_WARN_BOOL_CONVERSION = YES;
				CLANG_WARN_CONSTANT_CONVERSION = YES;
				CLANG_WARN_DIRECT_OBJC_ISA_USAGE = YES_ERROR;
				CLANG_WARN_EMPTY_BODY = YES;
				CLANG_WARN_ENUM_CONVERSION = YES;
				CLANG_WARN_INT_CONVERSION = YES;
				CLANG_WARN_OBJC_ROOT_CLASS = YES_ERROR;
				CLANG_WARN_UNREACHABLE_CODE = YES;
				CLANG_WARN__DUPLICATE_METHOD_MATCH = YES;
				"CODE_SIGN_IDENTITY[sdk=iphoneos*]" = "iPhone Developer";
				COPY_PHASE_STRIP = NO;
				DEBUG_INFORMATION_FORMAT = "dwarf-with-dsym";
				ENABLE_NS_ASSERTIONS = NO;
				ENABLE_STRICT_OBJC_MSGSEND = YES;
				GCC_C_LANGUAGE_STANDARD = gnu99;
				GCC_NO_COMMON_BLOCKS = YES;
				GCC_WARN_64_TO_32_BIT_CONVERSION = YES;
				GCC_WARN_ABOUT_RETURN_TYPE = YES_ERROR;
				GCC_WARN_UNDECLARED_SELECTOR = YES;
				GCC_WARN_UNINITIALIZED_AUTOS = YES_AGGRESSIVE;
				GCC_WARN_UNUSED_FUNCTION = YES;
				GCC_WARN_UNUSED_VARIABLE = YES;
				IPHONEOS_DEPLOYMENT_TARGET = 8.3;
				MTL_ENABLE_DEBUG_INFO = NO;
				SDKROOT = iphoneos;
				TARGETED_DEVICE_FAMILY = "1,2";
				VALIDATE_PRODUCT = YES;
			};
			name = Release;
		};
		3E7E06331ADE50BD00054435 /* Debug */ = {
			isa = XCBuildConfiguration;
			buildSettings = {
				ASSETCATALOG_COMPILER_APPICON_NAME = AppIcon;
				INFOPLIST_FILE = TestZeroMQ/Info.plist;
				LD_RUNPATH_SEARCH_PATHS = "$(inherited) @executable_path/Frameworks";
				PRODUCT_NAME = "$(TARGET_NAME)";
			};
			name = Debug;
		};
		3E7E06341ADE50BD00054435 /* Release */ = {
			isa = XCBuildConfiguration;
			buildSettings = {
				ASSETCATALOG_COMPILER_APPICON_NAME = AppIcon;
				INFOPLIST_FILE = TestZeroMQ/Info.plist;
				LD_RUNPATH_SEARCH_PATHS = "$(inherited) @executable_path/Frameworks";
				PRODUCT_NAME = "$(TARGET_NAME)";
			};
			name = Release;
		};
		3E7E06361ADE50BD00054435 /* Debug */ = {
			isa = XCBuildConfiguration;
			buildSettings = {
				BUNDLE_LOADER = "$(TEST_HOST)";
				FRAMEWORK_SEARCH_PATHS = (
					"$(SDKROOT)/Developer/Library/Frameworks",
					"$(inherited)",
				);
				GCC_PREPROCESSOR_DEFINITIONS = (
					"DEBUG=1",
					"$(inherited)",
				);
				INFOPLIST_FILE = TestZeroMQTests/Info.plist;
				LD_RUNPATH_SEARCH_PATHS = "$(inherited) @executable_path/Frameworks @loader_path/Frameworks";
				PRODUCT_NAME = "$(TARGET_NAME)";
				TEST_HOST = "$(BUILT_PRODUCTS_DIR)/TestZeroMQ.app/TestZeroMQ";
			};
			name = Debug;
		};
		3E7E06371ADE50BD00054435 /* Release */ = {
			isa = XCBuildConfiguration;
			buildSettings = {
				BUNDLE_LOADER = "$(TEST_HOST)";
				FRAMEWORK_SEARCH_PATHS = (
					"$(SDKROOT)/Developer/Library/Frameworks",
					"$(inherited)",
				);
				INFOPLIST_FILE = TestZeroMQTests/Info.plist;
				LD_RUNPATH_SEARCH_PATHS = "$(inherited) @executable_path/Frameworks @loader_path/Frameworks";
				PRODUCT_NAME = "$(TARGET_NAME)";
				TEST_HOST = "$(BUILT_PRODUCTS_DIR)/TestZeroMQ.app/TestZeroMQ";
			};
			name = Release;
		};
/* End XCBuildConfiguration section */

/* Begin XCConfigurationList section */
		3E7E060E1ADE50BD00054435 /* Build configuration list for PBXProject "TestZeroMQ" */ = {
			isa = XCConfigurationList;
			buildConfigurations = (
				3E7E06301ADE50BD00054435 /* Debug */,
				3E7E06311ADE50BD00054435 /* Release */,
			);
			defaultConfigurationIsVisible = 0;
			defaultConfigurationName = Release;
		};
		3E7E06321ADE50BD00054435 /* Build configuration list for PBXNativeTarget "TestZeroMQ" */ = {
			isa = XCConfigurationList;
			buildConfigurations = (
				3E7E06331ADE50BD00054435 /* Debug */,
				3E7E06341ADE50BD00054435 /* Release */,
			);
			defaultConfigurationIsVisible = 0;
		};
		3E7E06351ADE50BD00054435 /* Build configuration list for PBXNativeTarget "TestZeroMQTests" */ = {
			isa = XCConfigurationList;
			buildConfigurations = (
				3E7E06361ADE50BD00054435 /* Debug */,
				3E7E06371ADE50BD00054435 /* Release */,
			);
			defaultConfigurationIsVisible = 0;
		};
/* End XCConfigurationList section */
	};
	rootObject = 3E7E060B1ADE50BD00054435 /* Project object */;
}
